// !$*UTF8*$!
{
	archiveVersion = 1;
	classes = {
	};
	objectVersion = 48;
	objects = {

/* Begin PBXBuildFile section */
		6D89F826E9BD63EABC4CB86A /* Pods_MyRecipe.framework in Frameworks */ = {isa = PBXBuildFile; fileRef = A35A89C23F5986F538C5E61D /* Pods_MyRecipe.framework */; };
		7403C5C02494FD38EA6BDC22 /* Pods_MyRecipeTests.framework in Frameworks */ = {isa = PBXBuildFile; fileRef = EBB739F827E8DC58C0BF8053 /* Pods_MyRecipeTests.framework */; };
		7E08D96F20EC12A3002F68D8 /* RecipesViewController.swift in Sources */ = {isa = PBXBuildFile; fileRef = 7E08D96E20EC12A3002F68D8 /* RecipesViewController.swift */; };
		7E08D97120EC1499002F68D8 /* Recipe.swift in Sources */ = {isa = PBXBuildFile; fileRef = 7E08D97020EC1499002F68D8 /* Recipe.swift */; };
		7E08D97320EC14B8002F68D8 /* DataManager.swift in Sources */ = {isa = PBXBuildFile; fileRef = 7E08D97220EC14B8002F68D8 /* DataManager.swift */; };
		7E3372D620F3AD3500F51865 /* UserCache.swift in Sources */ = {isa = PBXBuildFile; fileRef = 7E3372D520F3AD3500F51865 /* UserCache.swift */; };
		7E3372D820F3D21100F51865 /* BaseViewController.swift in Sources */ = {isa = PBXBuildFile; fileRef = 7E3372D720F3D21100F51865 /* BaseViewController.swift */; };
		7E3372DE20F53D8A00F51865 /* loading.gif in Resources */ = {isa = PBXBuildFile; fileRef = 7E3372DD20F53D8A00F51865 /* loading.gif */; };
		7E6C27DE20ED508D00209258 /* TimerPopUp.xib in Resources */ = {isa = PBXBuildFile; fileRef = 7E6C27DD20ED508D00209258 /* TimerPopUp.xib */; };
		7E6C27E020ED531700209258 /* TimerPopUp.swift in Sources */ = {isa = PBXBuildFile; fileRef = 7E6C27DF20ED531700209258 /* TimerPopUp.swift */; };
		7E6C27E220ED541E00209258 /* GrayLayer.swift in Sources */ = {isa = PBXBuildFile; fileRef = 7E6C27E120ED541E00209258 /* GrayLayer.swift */; };
		7E6C27E420ED542700209258 /* GrayLayer.xib in Resources */ = {isa = PBXBuildFile; fileRef = 7E6C27E320ED542700209258 /* GrayLayer.xib */; };
		7E6C27E620EE8B4D00209258 /* SignSignUp.storyboard in Resources */ = {isa = PBXBuildFile; fileRef = 7E6C27E520EE8B4D00209258 /* SignSignUp.storyboard */; };
		7E6C27E820EE8BA700209258 /* SignInViewController.swift in Sources */ = {isa = PBXBuildFile; fileRef = 7E6C27E720EE8BA700209258 /* SignInViewController.swift */; };
		7E6C27EA20EE96B400209258 /* ColorBackgroundView.swift in Sources */ = {isa = PBXBuildFile; fileRef = 7E6C27E920EE96B400209258 /* ColorBackgroundView.swift */; };
		7E6C27EC20EE984B00209258 /* SignUpViewController.swift in Sources */ = {isa = PBXBuildFile; fileRef = 7E6C27EB20EE984B00209258 /* SignUpViewController.swift */; };
		7E6C27EE20EFACED00209258 /* GoogleService-Info.plist in Resources */ = {isa = PBXBuildFile; fileRef = 7E6C27ED20EFACEC00209258 /* GoogleService-Info.plist */; };
		7E6C27EF20EFACED00209258 /* GoogleService-Info.plist in Resources */ = {isa = PBXBuildFile; fileRef = 7E6C27ED20EFACEC00209258 /* GoogleService-Info.plist */; };
		7E6C27F020EFACED00209258 /* GoogleService-Info.plist in Resources */ = {isa = PBXBuildFile; fileRef = 7E6C27ED20EFACEC00209258 /* GoogleService-Info.plist */; };
		7E6FD9EA20F023E6007583A5 /* User.swift in Sources */ = {isa = PBXBuildFile; fileRef = 7E6FD9E920F023E6007583A5 /* User.swift */; };
		7E98DEF420EFB0CB001EDD61 /* BackendManager.swift in Sources */ = {isa = PBXBuildFile; fileRef = 7E98DEF320EFB0CB001EDD61 /* BackendManager.swift */; };
		7E98DEF620EFC330001EDD61 /* AlertSheet.xib in Resources */ = {isa = PBXBuildFile; fileRef = 7E98DEF520EFC330001EDD61 /* AlertSheet.xib */; };
		7E98DEF820EFC426001EDD61 /* AlertSheetView.swift in Sources */ = {isa = PBXBuildFile; fileRef = 7E98DEF720EFC426001EDD61 /* AlertSheetView.swift */; };
		7EA3F41020EBE5F5001B0756 /* AppDelegate.swift in Sources */ = {isa = PBXBuildFile; fileRef = 7EA3F40F20EBE5F5001B0756 /* AppDelegate.swift */; };
		7EA3F41520EBE5F5001B0756 /* Main.storyboard in Resources */ = {isa = PBXBuildFile; fileRef = 7EA3F41320EBE5F5001B0756 /* Main.storyboard */; };
		7EA3F41720EBE5F5001B0756 /* Assets.xcassets in Resources */ = {isa = PBXBuildFile; fileRef = 7EA3F41620EBE5F5001B0756 /* Assets.xcassets */; };
		7EA3F41A20EBE5F5001B0756 /* LaunchScreen.storyboard in Resources */ = {isa = PBXBuildFile; fileRef = 7EA3F41820EBE5F5001B0756 /* LaunchScreen.storyboard */; };
		7EA3F42520EBE5F6001B0756 /* MyRecipeTests.swift in Sources */ = {isa = PBXBuildFile; fileRef = 7EA3F42420EBE5F6001B0756 /* MyRecipeTests.swift */; };
		7EA3F43020EBE5F6001B0756 /* MyRecipeUITests.swift in Sources */ = {isa = PBXBuildFile; fileRef = 7EA3F42F20EBE5F6001B0756 /* MyRecipeUITests.swift */; };
		7EA3F43E20EBE666001B0756 /* Color.swift in Sources */ = {isa = PBXBuildFile; fileRef = 7EA3F43D20EBE666001B0756 /* Color.swift */; };
		7EA3F44120EBE762001B0756 /* MainViewController.swift in Sources */ = {isa = PBXBuildFile; fileRef = 7EA3F44020EBE762001B0756 /* MainViewController.swift */; };
		7EA3F44820EC09B7001B0756 /* MenuCell.swift in Sources */ = {isa = PBXBuildFile; fileRef = 7EA3F44720EC09B7001B0756 /* MenuCell.swift */; };
		D14C5BE6542823F3DA0044AA /* Pods_MyRecipeUITests.framework in Frameworks */ = {isa = PBXBuildFile; fileRef = 9F9C58B00ECA2CE6BCA4B10C /* Pods_MyRecipeUITests.framework */; };
/* End PBXBuildFile section */

/* Begin PBXContainerItemProxy section */
		7EA3F42120EBE5F6001B0756 /* PBXContainerItemProxy */ = {
			isa = PBXContainerItemProxy;
			containerPortal = 7EA3F40420EBE5F5001B0756 /* Project object */;
			proxyType = 1;
			remoteGlobalIDString = 7EA3F40B20EBE5F5001B0756;
			remoteInfo = MyRecipe;
		};
		7EA3F42C20EBE5F6001B0756 /* PBXContainerItemProxy */ = {
			isa = PBXContainerItemProxy;
			containerPortal = 7EA3F40420EBE5F5001B0756 /* Project object */;
			proxyType = 1;
			remoteGlobalIDString = 7EA3F40B20EBE5F5001B0756;
			remoteInfo = MyRecipe;
		};
/* End PBXContainerItemProxy section */

/* Begin PBXFileReference section */
		0E558126CEC1EADBE0486389 /* Pods-MyRecipeUITests.release.xcconfig */ = {isa = PBXFileReference; includeInIndex = 1; lastKnownFileType = text.xcconfig; name = "Pods-MyRecipeUITests.release.xcconfig"; path = "Pods/Target Support Files/Pods-MyRecipeUITests/Pods-MyRecipeUITests.release.xcconfig"; sourceTree = "<group>"; };
		0F0395A635858DFB4F52E49A /* Pods-MyRecipe.release.xcconfig */ = {isa = PBXFileReference; includeInIndex = 1; lastKnownFileType = text.xcconfig; name = "Pods-MyRecipe.release.xcconfig"; path = "Pods/Target Support Files/Pods-MyRecipe/Pods-MyRecipe.release.xcconfig"; sourceTree = "<group>"; };
		4553CFED9C96B31D84625168 /* Pods-MyRecipeTests.debug.xcconfig */ = {isa = PBXFileReference; includeInIndex = 1; lastKnownFileType = text.xcconfig; name = "Pods-MyRecipeTests.debug.xcconfig"; path = "Pods/Target Support Files/Pods-MyRecipeTests/Pods-MyRecipeTests.debug.xcconfig"; sourceTree = "<group>"; };
		76C7230DB4980570B73B6D87 /* Pods-MyRecipeTests.release.xcconfig */ = {isa = PBXFileReference; includeInIndex = 1; lastKnownFileType = text.xcconfig; name = "Pods-MyRecipeTests.release.xcconfig"; path = "Pods/Target Support Files/Pods-MyRecipeTests/Pods-MyRecipeTests.release.xcconfig"; sourceTree = "<group>"; };
		7E08D96E20EC12A3002F68D8 /* RecipesViewController.swift */ = {isa = PBXFileReference; lastKnownFileType = sourcecode.swift; path = RecipesViewController.swift; sourceTree = "<group>"; };
		7E08D97020EC1499002F68D8 /* Recipe.swift */ = {isa = PBXFileReference; lastKnownFileType = sourcecode.swift; path = Recipe.swift; sourceTree = "<group>"; };
		7E08D97220EC14B8002F68D8 /* DataManager.swift */ = {isa = PBXFileReference; lastKnownFileType = sourcecode.swift; path = DataManager.swift; sourceTree = "<group>"; };
		7E3372D520F3AD3500F51865 /* UserCache.swift */ = {isa = PBXFileReference; lastKnownFileType = sourcecode.swift; path = UserCache.swift; sourceTree = "<group>"; };
		7E3372D720F3D21100F51865 /* BaseViewController.swift */ = {isa = PBXFileReference; lastKnownFileType = sourcecode.swift; path = BaseViewController.swift; sourceTree = "<group>"; };
		7E3372DD20F53D8A00F51865 /* loading.gif */ = {isa = PBXFileReference; lastKnownFileType = image.gif; path = loading.gif; sourceTree = "<group>"; };
		7E6C27DD20ED508D00209258 /* TimerPopUp.xib */ = {isa = PBXFileReference; lastKnownFileType = file.xib; path = TimerPopUp.xib; sourceTree = "<group>"; };
		7E6C27DF20ED531700209258 /* TimerPopUp.swift */ = {isa = PBXFileReference; lastKnownFileType = sourcecode.swift; path = TimerPopUp.swift; sourceTree = "<group>"; };
		7E6C27E120ED541E00209258 /* GrayLayer.swift */ = {isa = PBXFileReference; lastKnownFileType = sourcecode.swift; path = GrayLayer.swift; sourceTree = "<group>"; };
		7E6C27E320ED542700209258 /* GrayLayer.xib */ = {isa = PBXFileReference; lastKnownFileType = file.xib; path = GrayLayer.xib; sourceTree = "<group>"; };
		7E6C27E520EE8B4D00209258 /* SignSignUp.storyboard */ = {isa = PBXFileReference; lastKnownFileType = file.storyboard; path = SignSignUp.storyboard; sourceTree = "<group>"; };
		7E6C27E720EE8BA700209258 /* SignInViewController.swift */ = {isa = PBXFileReference; lastKnownFileType = sourcecode.swift; path = SignInViewController.swift; sourceTree = "<group>"; };
		7E6C27E920EE96B400209258 /* ColorBackgroundView.swift */ = {isa = PBXFileReference; lastKnownFileType = sourcecode.swift; path = ColorBackgroundView.swift; sourceTree = "<group>"; };
		7E6C27EB20EE984B00209258 /* SignUpViewController.swift */ = {isa = PBXFileReference; lastKnownFileType = sourcecode.swift; path = SignUpViewController.swift; sourceTree = "<group>"; };
		7E6C27ED20EFACEC00209258 /* GoogleService-Info.plist */ = {isa = PBXFileReference; fileEncoding = 4; lastKnownFileType = text.plist.xml; path = "GoogleService-Info.plist"; sourceTree = "<group>"; };
		7E6FD9E920F023E6007583A5 /* User.swift */ = {isa = PBXFileReference; lastKnownFileType = sourcecode.swift; path = User.swift; sourceTree = "<group>"; };
		7E98DEF320EFB0CB001EDD61 /* BackendManager.swift */ = {isa = PBXFileReference; lastKnownFileType = sourcecode.swift; path = BackendManager.swift; sourceTree = "<group>"; };
		7E98DEF520EFC330001EDD61 /* AlertSheet.xib */ = {isa = PBXFileReference; lastKnownFileType = file.xib; path = AlertSheet.xib; sourceTree = "<group>"; };
		7E98DEF720EFC426001EDD61 /* AlertSheetView.swift */ = {isa = PBXFileReference; lastKnownFileType = sourcecode.swift; path = AlertSheetView.swift; sourceTree = "<group>"; };
		7EA3F40C20EBE5F5001B0756 /* MyRecipe.app */ = {isa = PBXFileReference; explicitFileType = wrapper.application; includeInIndex = 0; path = MyRecipe.app; sourceTree = BUILT_PRODUCTS_DIR; };
		7EA3F40F20EBE5F5001B0756 /* AppDelegate.swift */ = {isa = PBXFileReference; lastKnownFileType = sourcecode.swift; path = AppDelegate.swift; sourceTree = "<group>"; };
		7EA3F41420EBE5F5001B0756 /* Base */ = {isa = PBXFileReference; lastKnownFileType = file.storyboard; name = Base; path = Base.lproj/Main.storyboard; sourceTree = "<group>"; };
		7EA3F41620EBE5F5001B0756 /* Assets.xcassets */ = {isa = PBXFileReference; lastKnownFileType = folder.assetcatalog; path = Assets.xcassets; sourceTree = "<group>"; };
		7EA3F41920EBE5F5001B0756 /* Base */ = {isa = PBXFileReference; lastKnownFileType = file.storyboard; name = Base; path = Base.lproj/LaunchScreen.storyboard; sourceTree = "<group>"; };
		7EA3F41B20EBE5F5001B0756 /* Info.plist */ = {isa = PBXFileReference; lastKnownFileType = text.plist.xml; path = Info.plist; sourceTree = "<group>"; };
		7EA3F42020EBE5F6001B0756 /* MyRecipeTests.xctest */ = {isa = PBXFileReference; explicitFileType = wrapper.cfbundle; includeInIndex = 0; path = MyRecipeTests.xctest; sourceTree = BUILT_PRODUCTS_DIR; };
		7EA3F42420EBE5F6001B0756 /* MyRecipeTests.swift */ = {isa = PBXFileReference; lastKnownFileType = sourcecode.swift; path = MyRecipeTests.swift; sourceTree = "<group>"; };
		7EA3F42620EBE5F6001B0756 /* Info.plist */ = {isa = PBXFileReference; lastKnownFileType = text.plist.xml; path = Info.plist; sourceTree = "<group>"; };
		7EA3F42B20EBE5F6001B0756 /* MyRecipeUITests.xctest */ = {isa = PBXFileReference; explicitFileType = wrapper.cfbundle; includeInIndex = 0; path = MyRecipeUITests.xctest; sourceTree = BUILT_PRODUCTS_DIR; };
		7EA3F42F20EBE5F6001B0756 /* MyRecipeUITests.swift */ = {isa = PBXFileReference; lastKnownFileType = sourcecode.swift; path = MyRecipeUITests.swift; sourceTree = "<group>"; };
		7EA3F43120EBE5F6001B0756 /* Info.plist */ = {isa = PBXFileReference; lastKnownFileType = text.plist.xml; path = Info.plist; sourceTree = "<group>"; };
		7EA3F43D20EBE666001B0756 /* Color.swift */ = {isa = PBXFileReference; lastKnownFileType = sourcecode.swift; path = Color.swift; sourceTree = "<group>"; };
		7EA3F44020EBE762001B0756 /* MainViewController.swift */ = {isa = PBXFileReference; lastKnownFileType = sourcecode.swift; path = MainViewController.swift; sourceTree = "<group>"; };
		7EA3F44720EC09B7001B0756 /* MenuCell.swift */ = {isa = PBXFileReference; lastKnownFileType = sourcecode.swift; path = MenuCell.swift; sourceTree = "<group>"; };
		9F9C58B00ECA2CE6BCA4B10C /* Pods_MyRecipeUITests.framework */ = {isa = PBXFileReference; explicitFileType = wrapper.framework; includeInIndex = 0; path = Pods_MyRecipeUITests.framework; sourceTree = BUILT_PRODUCTS_DIR; };
		A35A89C23F5986F538C5E61D /* Pods_MyRecipe.framework */ = {isa = PBXFileReference; explicitFileType = wrapper.framework; includeInIndex = 0; path = Pods_MyRecipe.framework; sourceTree = BUILT_PRODUCTS_DIR; };
		B9B0FC675C96EDFC9CA958A1 /* Pods-MyRecipe.debug.xcconfig */ = {isa = PBXFileReference; includeInIndex = 1; lastKnownFileType = text.xcconfig; name = "Pods-MyRecipe.debug.xcconfig"; path = "Pods/Target Support Files/Pods-MyRecipe/Pods-MyRecipe.debug.xcconfig"; sourceTree = "<group>"; };
		D174B65BFA45B582E23C4E49 /* Pods-MyRecipeUITests.debug.xcconfig */ = {isa = PBXFileReference; includeInIndex = 1; lastKnownFileType = text.xcconfig; name = "Pods-MyRecipeUITests.debug.xcconfig"; path = "Pods/Target Support Files/Pods-MyRecipeUITests/Pods-MyRecipeUITests.debug.xcconfig"; sourceTree = "<group>"; };
		EBB739F827E8DC58C0BF8053 /* Pods_MyRecipeTests.framework */ = {isa = PBXFileReference; explicitFileType = wrapper.framework; includeInIndex = 0; path = Pods_MyRecipeTests.framework; sourceTree = BUILT_PRODUCTS_DIR; };
/* End PBXFileReference section */

/* Begin PBXFrameworksBuildPhase section */
		7EA3F40920EBE5F5001B0756 /* Frameworks */ = {
			isa = PBXFrameworksBuildPhase;
			buildActionMask = 2147483647;
			files = (
				6D89F826E9BD63EABC4CB86A /* Pods_MyRecipe.framework in Frameworks */,
			);
			runOnlyForDeploymentPostprocessing = 0;
		};
		7EA3F41D20EBE5F6001B0756 /* Frameworks */ = {
			isa = PBXFrameworksBuildPhase;
			buildActionMask = 2147483647;
			files = (
				7403C5C02494FD38EA6BDC22 /* Pods_MyRecipeTests.framework in Frameworks */,
			);
			runOnlyForDeploymentPostprocessing = 0;
		};
		7EA3F42820EBE5F6001B0756 /* Frameworks */ = {
			isa = PBXFrameworksBuildPhase;
			buildActionMask = 2147483647;
			files = (
				D14C5BE6542823F3DA0044AA /* Pods_MyRecipeUITests.framework in Frameworks */,
			);
			runOnlyForDeploymentPostprocessing = 0;
		};
/* End PBXFrameworksBuildPhase section */

/* Begin PBXGroup section */
		7EA3F40320EBE5F5001B0756 = {
			isa = PBXGroup;
			children = (
				7EA3F40E20EBE5F5001B0756 /* MyRecipe */,
				7EA3F42320EBE5F6001B0756 /* MyRecipeTests */,
				7EA3F42E20EBE5F6001B0756 /* MyRecipeUITests */,
				7EA3F40D20EBE5F5001B0756 /* Products */,
				DA653682A31D7AAE38B46273 /* Pods */,
				802B74CBD90F2B0E07394127 /* Frameworks */,
			);
			sourceTree = "<group>";
		};
		7EA3F40D20EBE5F5001B0756 /* Products */ = {
			isa = PBXGroup;
			children = (
				7EA3F40C20EBE5F5001B0756 /* MyRecipe.app */,
				7EA3F42020EBE5F6001B0756 /* MyRecipeTests.xctest */,
				7EA3F42B20EBE5F6001B0756 /* MyRecipeUITests.xctest */,
			);
			name = Products;
			sourceTree = "<group>";
		};
		7EA3F40E20EBE5F5001B0756 /* MyRecipe */ = {
			isa = PBXGroup;
			children = (
				7EA3F40F20EBE5F5001B0756 /* AppDelegate.swift */,
				7E6C27E720EE8BA700209258 /* SignInViewController.swift */,
				7E6C27EB20EE984B00209258 /* SignUpViewController.swift */,
				7EA3F44020EBE762001B0756 /* MainViewController.swift */,
				7E08D96E20EC12A3002F68D8 /* RecipesViewController.swift */,
				7EA3F44920EC09BE001B0756 /* CustomViews */,
				7EA3F43F20EBE67A001B0756 /* Model */,
				7EA3F44420EC05B5001B0756 /* Xib */,
				7E6C27E520EE8B4D00209258 /* SignSignUp.storyboard */,
				7EA3F41320EBE5F5001B0756 /* Main.storyboard */,
				7EA3F41820EBE5F5001B0756 /* LaunchScreen.storyboard */,
				7EA3F41620EBE5F5001B0756 /* Assets.xcassets */,
				7E3372DD20F53D8A00F51865 /* loading.gif */,
				7EA3F41B20EBE5F5001B0756 /* Info.plist */,
				7E6C27ED20EFACEC00209258 /* GoogleService-Info.plist */,
			);
			path = MyRecipe;
			sourceTree = "<group>";
		};
		7EA3F42320EBE5F6001B0756 /* MyRecipeTests */ = {
			isa = PBXGroup;
			children = (
				7EA3F42420EBE5F6001B0756 /* MyRecipeTests.swift */,
				7EA3F42620EBE5F6001B0756 /* Info.plist */,
			);
			path = MyRecipeTests;
			sourceTree = "<group>";
		};
		7EA3F42E20EBE5F6001B0756 /* MyRecipeUITests */ = {
			isa = PBXGroup;
			children = (
				7EA3F42F20EBE5F6001B0756 /* MyRecipeUITests.swift */,
				7EA3F43120EBE5F6001B0756 /* Info.plist */,
			);
			path = MyRecipeUITests;
			sourceTree = "<group>";
		};
		7EA3F43F20EBE67A001B0756 /* Model */ = {
			isa = PBXGroup;
			children = (
				7E98DEF320EFB0CB001EDD61 /* BackendManager.swift */,
				7E6FD9E920F023E6007583A5 /* User.swift */,
				7E3372D520F3AD3500F51865 /* UserCache.swift */,
				7E08D97020EC1499002F68D8 /* Recipe.swift */,
				7E08D97220EC14B8002F68D8 /* DataManager.swift */,
				7EA3F43D20EBE666001B0756 /* Color.swift */,
			);
			path = Model;
			sourceTree = "<group>";
		};
		7EA3F44420EC05B5001B0756 /* Xib */ = {
			isa = PBXGroup;
			children = (
				7E98DEF520EFC330001EDD61 /* AlertSheet.xib */,
				7E6C27DD20ED508D00209258 /* TimerPopUp.xib */,
				7E6C27E320ED542700209258 /* GrayLayer.xib */,
				7E98DEF720EFC426001EDD61 /* AlertSheetView.swift */,
				7E6C27DF20ED531700209258 /* TimerPopUp.swift */,
				7E6C27E120ED541E00209258 /* GrayLayer.swift */,
			);
			path = Xib;
			sourceTree = "<group>";
		};
		7EA3F44920EC09BE001B0756 /* CustomViews */ = {
			isa = PBXGroup;
			children = (
				7E3372D720F3D21100F51865 /* BaseViewController.swift */,
				7E6C27E920EE96B400209258 /* ColorBackgroundView.swift */,
				7EA3F44720EC09B7001B0756 /* MenuCell.swift */,
			);
			path = CustomViews;
			sourceTree = "<group>";
		};
		802B74CBD90F2B0E07394127 /* Frameworks */ = {
			isa = PBXGroup;
			children = (
				A35A89C23F5986F538C5E61D /* Pods_MyRecipe.framework */,
				EBB739F827E8DC58C0BF8053 /* Pods_MyRecipeTests.framework */,
				9F9C58B00ECA2CE6BCA4B10C /* Pods_MyRecipeUITests.framework */,
			);
			name = Frameworks;
			sourceTree = "<group>";
		};
		DA653682A31D7AAE38B46273 /* Pods */ = {
			isa = PBXGroup;
			children = (
				B9B0FC675C96EDFC9CA958A1 /* Pods-MyRecipe.debug.xcconfig */,
				0F0395A635858DFB4F52E49A /* Pods-MyRecipe.release.xcconfig */,
				4553CFED9C96B31D84625168 /* Pods-MyRecipeTests.debug.xcconfig */,
				76C7230DB4980570B73B6D87 /* Pods-MyRecipeTests.release.xcconfig */,
				D174B65BFA45B582E23C4E49 /* Pods-MyRecipeUITests.debug.xcconfig */,
				0E558126CEC1EADBE0486389 /* Pods-MyRecipeUITests.release.xcconfig */,
			);
			name = Pods;
			sourceTree = "<group>";
		};
/* End PBXGroup section */

/* Begin PBXNativeTarget section */
		7EA3F40B20EBE5F5001B0756 /* MyRecipe */ = {
			isa = PBXNativeTarget;
			buildConfigurationList = 7EA3F43420EBE5F6001B0756 /* Build configuration list for PBXNativeTarget "MyRecipe" */;
			buildPhases = (
				2DD2BDE42F9212B0788B2FC3 /* [CP] Check Pods Manifest.lock */,
				7EA3F40820EBE5F5001B0756 /* Sources */,
				7EA3F40920EBE5F5001B0756 /* Frameworks */,
				7EA3F40A20EBE5F5001B0756 /* Resources */,
				91593BB0DB0A8E78C74701EB /* [CP] Embed Pods Frameworks */,
				6378CEA852D833E62DF4A7B8 /* [CP] Copy Pods Resources */,
			);
			buildRules = (
			);
			dependencies = (
			);
			name = MyRecipe;
			productName = MyRecipe;
			productReference = 7EA3F40C20EBE5F5001B0756 /* MyRecipe.app */;
			productType = "com.apple.product-type.application";
		};
		7EA3F41F20EBE5F6001B0756 /* MyRecipeTests */ = {
			isa = PBXNativeTarget;
			buildConfigurationList = 7EA3F43720EBE5F6001B0756 /* Build configuration list for PBXNativeTarget "MyRecipeTests" */;
			buildPhases = (
				173845107D34B6773CAAD903 /* [CP] Check Pods Manifest.lock */,
				7EA3F41C20EBE5F6001B0756 /* Sources */,
				7EA3F41D20EBE5F6001B0756 /* Frameworks */,
				7EA3F41E20EBE5F6001B0756 /* Resources */,
				BE2E533CD5B359440C95E702 /* [CP] Embed Pods Frameworks */,
				50386CA2BF755DC7BB5670CC /* [CP] Copy Pods Resources */,
			);
			buildRules = (
			);
			dependencies = (
				7EA3F42220EBE5F6001B0756 /* PBXTargetDependency */,
			);
			name = MyRecipeTests;
			productName = MyRecipeTests;
			productReference = 7EA3F42020EBE5F6001B0756 /* MyRecipeTests.xctest */;
			productType = "com.apple.product-type.bundle.unit-test";
		};
		7EA3F42A20EBE5F6001B0756 /* MyRecipeUITests */ = {
			isa = PBXNativeTarget;
			buildConfigurationList = 7EA3F43A20EBE5F6001B0756 /* Build configuration list for PBXNativeTarget "MyRecipeUITests" */;
			buildPhases = (
				F1174BBC4BCECAEA07394253 /* [CP] Check Pods Manifest.lock */,
				7EA3F42720EBE5F6001B0756 /* Sources */,
				7EA3F42820EBE5F6001B0756 /* Frameworks */,
				7EA3F42920EBE5F6001B0756 /* Resources */,
				36329498750BB4DD6C4A2070 /* [CP] Embed Pods Frameworks */,
				24D6B4EA741F9AE9F8349B96 /* [CP] Copy Pods Resources */,
			);
			buildRules = (
			);
			dependencies = (
				7EA3F42D20EBE5F6001B0756 /* PBXTargetDependency */,
			);
			name = MyRecipeUITests;
			productName = MyRecipeUITests;
			productReference = 7EA3F42B20EBE5F6001B0756 /* MyRecipeUITests.xctest */;
			productType = "com.apple.product-type.bundle.ui-testing";
		};
/* End PBXNativeTarget section */

/* Begin PBXProject section */
		7EA3F40420EBE5F5001B0756 /* Project object */ = {
			isa = PBXProject;
			attributes = {
				LastSwiftUpdateCheck = 0920;
				LastUpgradeCheck = 0920;
				ORGANIZATIONNAME = thiagohisss;
				TargetAttributes = {
					7EA3F40B20EBE5F5001B0756 = {
						CreatedOnToolsVersion = 9.2;
						ProvisioningStyle = Automatic;
					};
					7EA3F41F20EBE5F6001B0756 = {
						CreatedOnToolsVersion = 9.2;
						ProvisioningStyle = Automatic;
						TestTargetID = 7EA3F40B20EBE5F5001B0756;
					};
					7EA3F42A20EBE5F6001B0756 = {
						CreatedOnToolsVersion = 9.2;
						ProvisioningStyle = Automatic;
						TestTargetID = 7EA3F40B20EBE5F5001B0756;
					};
				};
			};
			buildConfigurationList = 7EA3F40720EBE5F5001B0756 /* Build configuration list for PBXProject "MyRecipe" */;
			compatibilityVersion = "Xcode 8.0";
			developmentRegion = en;
			hasScannedForEncodings = 0;
			knownRegions = (
				en,
				Base,
			);
			mainGroup = 7EA3F40320EBE5F5001B0756;
			productRefGroup = 7EA3F40D20EBE5F5001B0756 /* Products */;
			projectDirPath = "";
			projectRoot = "";
			targets = (
				7EA3F40B20EBE5F5001B0756 /* MyRecipe */,
				7EA3F41F20EBE5F6001B0756 /* MyRecipeTests */,
				7EA3F42A20EBE5F6001B0756 /* MyRecipeUITests */,
			);
		};
/* End PBXProject section */

/* Begin PBXResourcesBuildPhase section */
		7EA3F40A20EBE5F5001B0756 /* Resources */ = {
			isa = PBXResourcesBuildPhase;
			buildActionMask = 2147483647;
			files = (
				7E98DEF620EFC330001EDD61 /* AlertSheet.xib in Resources */,
				7E6C27DE20ED508D00209258 /* TimerPopUp.xib in Resources */,
				7E6C27E420ED542700209258 /* GrayLayer.xib in Resources */,
				7EA3F41A20EBE5F5001B0756 /* LaunchScreen.storyboard in Resources */,
				7E6C27E620EE8B4D00209258 /* SignSignUp.storyboard in Resources */,
				7EA3F41720EBE5F5001B0756 /* Assets.xcassets in Resources */,
				7E3372DE20F53D8A00F51865 /* loading.gif in Resources */,
				7EA3F41520EBE5F5001B0756 /* Main.storyboard in Resources */,
				7E6C27EE20EFACED00209258 /* GoogleService-Info.plist in Resources */,
			);
			runOnlyForDeploymentPostprocessing = 0;
		};
		7EA3F41E20EBE5F6001B0756 /* Resources */ = {
			isa = PBXResourcesBuildPhase;
			buildActionMask = 2147483647;
			files = (
				7E6C27EF20EFACED00209258 /* GoogleService-Info.plist in Resources */,
			);
			runOnlyForDeploymentPostprocessing = 0;
		};
		7EA3F42920EBE5F6001B0756 /* Resources */ = {
			isa = PBXResourcesBuildPhase;
			buildActionMask = 2147483647;
			files = (
				7E6C27F020EFACED00209258 /* GoogleService-Info.plist in Resources */,
			);
			runOnlyForDeploymentPostprocessing = 0;
		};
/* End PBXResourcesBuildPhase section */

/* Begin PBXShellScriptBuildPhase section */
		173845107D34B6773CAAD903 /* [CP] Check Pods Manifest.lock */ = {
			isa = PBXShellScriptBuildPhase;
			buildActionMask = 2147483647;
			files = (
			);
			inputPaths = (
				"${PODS_PODFILE_DIR_PATH}/Podfile.lock",
				"${PODS_ROOT}/Manifest.lock",
			);
			name = "[CP] Check Pods Manifest.lock";
			outputPaths = (
				"$(DERIVED_FILE_DIR)/Pods-MyRecipeTests-checkManifestLockResult.txt",
			);
			runOnlyForDeploymentPostprocessing = 0;
			shellPath = /bin/sh;
			shellScript = "diff \"${PODS_PODFILE_DIR_PATH}/Podfile.lock\" \"${PODS_ROOT}/Manifest.lock\" > /dev/null\nif [ $? != 0 ] ; then\n    # print error to STDERR\n    echo \"error: The sandbox is not in sync with the Podfile.lock. Run 'pod install' or update your CocoaPods installation.\" >&2\n    exit 1\nfi\n# This output is used by Xcode 'outputs' to avoid re-running this script phase.\necho \"SUCCESS\" > \"${SCRIPT_OUTPUT_FILE_0}\"\n";
			showEnvVarsInLog = 0;
		};
		24D6B4EA741F9AE9F8349B96 /* [CP] Copy Pods Resources */ = {
			isa = PBXShellScriptBuildPhase;
			buildActionMask = 2147483647;
			files = (
			);
			inputPaths = (
			);
			name = "[CP] Copy Pods Resources";
			outputPaths = (
			);
			runOnlyForDeploymentPostprocessing = 0;
			shellPath = /bin/sh;
			shellScript = "\"${SRCROOT}/Pods/Target Support Files/Pods-MyRecipeUITests/Pods-MyRecipeUITests-resources.sh\"\n";
			showEnvVarsInLog = 0;
		};
		2DD2BDE42F9212B0788B2FC3 /* [CP] Check Pods Manifest.lock */ = {
			isa = PBXShellScriptBuildPhase;
			buildActionMask = 2147483647;
			files = (
			);
			inputPaths = (
				"${PODS_PODFILE_DIR_PATH}/Podfile.lock",
				"${PODS_ROOT}/Manifest.lock",
			);
			name = "[CP] Check Pods Manifest.lock";
			outputPaths = (
				"$(DERIVED_FILE_DIR)/Pods-MyRecipe-checkManifestLockResult.txt",
			);
			runOnlyForDeploymentPostprocessing = 0;
			shellPath = /bin/sh;
			shellScript = "diff \"${PODS_PODFILE_DIR_PATH}/Podfile.lock\" \"${PODS_ROOT}/Manifest.lock\" > /dev/null\nif [ $? != 0 ] ; then\n    # print error to STDERR\n    echo \"error: The sandbox is not in sync with the Podfile.lock. Run 'pod install' or update your CocoaPods installation.\" >&2\n    exit 1\nfi\n# This output is used by Xcode 'outputs' to avoid re-running this script phase.\necho \"SUCCESS\" > \"${SCRIPT_OUTPUT_FILE_0}\"\n";
			showEnvVarsInLog = 0;
		};
		36329498750BB4DD6C4A2070 /* [CP] Embed Pods Frameworks */ = {
			isa = PBXShellScriptBuildPhase;
			buildActionMask = 2147483647;
			files = (
			);
			inputPaths = (
			);
			name = "[CP] Embed Pods Frameworks";
			outputPaths = (
			);
			runOnlyForDeploymentPostprocessing = 0;
			shellPath = /bin/sh;
			shellScript = "\"${SRCROOT}/Pods/Target Support Files/Pods-MyRecipeUITests/Pods-MyRecipeUITests-frameworks.sh\"\n";
			showEnvVarsInLog = 0;
		};
		50386CA2BF755DC7BB5670CC /* [CP] Copy Pods Resources */ = {
			isa = PBXShellScriptBuildPhase;
			buildActionMask = 2147483647;
			files = (
			);
			inputPaths = (
			);
			name = "[CP] Copy Pods Resources";
			outputPaths = (
			);
			runOnlyForDeploymentPostprocessing = 0;
			shellPath = /bin/sh;
			shellScript = "\"${SRCROOT}/Pods/Target Support Files/Pods-MyRecipeTests/Pods-MyRecipeTests-resources.sh\"\n";
			showEnvVarsInLog = 0;
		};
		6378CEA852D833E62DF4A7B8 /* [CP] Copy Pods Resources */ = {
			isa = PBXShellScriptBuildPhase;
			buildActionMask = 2147483647;
			files = (
			);
			inputPaths = (
			);
			name = "[CP] Copy Pods Resources";
			outputPaths = (
			);
			runOnlyForDeploymentPostprocessing = 0;
			shellPath = /bin/sh;
			shellScript = "\"${SRCROOT}/Pods/Target Support Files/Pods-MyRecipe/Pods-MyRecipe-resources.sh\"\n";
			showEnvVarsInLog = 0;
		};
		91593BB0DB0A8E78C74701EB /* [CP] Embed Pods Frameworks */ = {
			isa = PBXShellScriptBuildPhase;
			buildActionMask = 2147483647;
			files = (
			);
			inputPaths = (
				"${SRCROOT}/Pods/Target Support Files/Pods-MyRecipe/Pods-MyRecipe-frameworks.sh",
				"${BUILT_PRODUCTS_DIR}/GTMSessionFetcher/GTMSessionFetcher.framework",
				"${BUILT_PRODUCTS_DIR}/GoogleToolboxForMac/GoogleToolboxForMac.framework",
				"${BUILT_PRODUCTS_DIR}/leveldb-library/leveldb.framework",
				"${BUILT_PRODUCTS_DIR}/nanopb/nanopb.framework",
			);
			name = "[CP] Embed Pods Frameworks";
			outputPaths = (
				"${TARGET_BUILD_DIR}/${FRAMEWORKS_FOLDER_PATH}/GTMSessionFetcher.framework",
				"${TARGET_BUILD_DIR}/${FRAMEWORKS_FOLDER_PATH}/GoogleToolboxForMac.framework",
				"${TARGET_BUILD_DIR}/${FRAMEWORKS_FOLDER_PATH}/leveldb.framework",
				"${TARGET_BUILD_DIR}/${FRAMEWORKS_FOLDER_PATH}/nanopb.framework",
			);
			runOnlyForDeploymentPostprocessing = 0;
			shellPath = /bin/sh;
			shellScript = "\"${SRCROOT}/Pods/Target Support Files/Pods-MyRecipe/Pods-MyRecipe-frameworks.sh\"\n";
			showEnvVarsInLog = 0;
		};
		BE2E533CD5B359440C95E702 /* [CP] Embed Pods Frameworks */ = {
			isa = PBXShellScriptBuildPhase;
			buildActionMask = 2147483647;
			files = (
			);
			inputPaths = (
			);
			name = "[CP] Embed Pods Frameworks";
			outputPaths = (
			);
			runOnlyForDeploymentPostprocessing = 0;
			shellPath = /bin/sh;
			shellScript = "\"${SRCROOT}/Pods/Target Support Files/Pods-MyRecipeTests/Pods-MyRecipeTests-frameworks.sh\"\n";
			showEnvVarsInLog = 0;
		};
		F1174BBC4BCECAEA07394253 /* [CP] Check Pods Manifest.lock */ = {
			isa = PBXShellScriptBuildPhase;
			buildActionMask = 2147483647;
			files = (
			);
			inputPaths = (
				"${PODS_PODFILE_DIR_PATH}/Podfile.lock",
				"${PODS_ROOT}/Manifest.lock",
			);
			name = "[CP] Check Pods Manifest.lock";
			outputPaths = (
				"$(DERIVED_FILE_DIR)/Pods-MyRecipeUITests-checkManifestLockResult.txt",
			);
			runOnlyForDeploymentPostprocessing = 0;
			shellPath = /bin/sh;
			shellScript = "diff \"${PODS_PODFILE_DIR_PATH}/Podfile.lock\" \"${PODS_ROOT}/Manifest.lock\" > /dev/null\nif [ $? != 0 ] ; then\n    # print error to STDERR\n    echo \"error: The sandbox is not in sync with the Podfile.lock. Run 'pod install' or update your CocoaPods installation.\" >&2\n    exit 1\nfi\n# This output is used by Xcode 'outputs' to avoid re-running this script phase.\necho \"SUCCESS\" > \"${SCRIPT_OUTPUT_FILE_0}\"\n";
			showEnvVarsInLog = 0;
		};
/* End PBXShellScriptBuildPhase section */

/* Begin PBXSourcesBuildPhase section */
		7EA3F40820EBE5F5001B0756 /* Sources */ = {
			isa = PBXSourcesBuildPhase;
			buildActionMask = 2147483647;
			files = (
				7E6C27EA20EE96B400209258 /* ColorBackgroundView.swift in Sources */,
				7E6C27E020ED531700209258 /* TimerPopUp.swift in Sources */,
				7EA3F44120EBE762001B0756 /* MainViewController.swift in Sources */,
				7E98DEF420EFB0CB001EDD61 /* BackendManager.swift in Sources */,
				7EA3F41020EBE5F5001B0756 /* AppDelegate.swift in Sources */,
				7E98DEF820EFC426001EDD61 /* AlertSheetView.swift in Sources */,
				7E6C27E220ED541E00209258 /* GrayLayer.swift in Sources */,
				7E3372D820F3D21100F51865 /* BaseViewController.swift in Sources */,
				7EA3F44820EC09B7001B0756 /* MenuCell.swift in Sources */,
				7E6FD9EA20F023E6007583A5 /* User.swift in Sources */,
				7E6C27EC20EE984B00209258 /* SignUpViewController.swift in Sources */,
				7E08D97320EC14B8002F68D8 /* DataManager.swift in Sources */,
				7E08D97120EC1499002F68D8 /* Recipe.swift in Sources */,
				7E08D96F20EC12A3002F68D8 /* RecipesViewController.swift in Sources */,
				7E3372D620F3AD3500F51865 /* UserCache.swift in Sources */,
				7E6C27E820EE8BA700209258 /* SignInViewController.swift in Sources */,
				7EA3F43E20EBE666001B0756 /* Color.swift in Sources */,
			);
			runOnlyForDeploymentPostprocessing = 0;
		};
		7EA3F41C20EBE5F6001B0756 /* Sources */ = {
			isa = PBXSourcesBuildPhase;
			buildActionMask = 2147483647;
			files = (
				7EA3F42520EBE5F6001B0756 /* MyRecipeTests.swift in Sources */,
			);
			runOnlyForDeploymentPostprocessing = 0;
		};
		7EA3F42720EBE5F6001B0756 /* Sources */ = {
			isa = PBXSourcesBuildPhase;
			buildActionMask = 2147483647;
			files = (
				7EA3F43020EBE5F6001B0756 /* MyRecipeUITests.swift in Sources */,
			);
			runOnlyForDeploymentPostprocessing = 0;
		};
/* End PBXSourcesBuildPhase section */

/* Begin PBXTargetDependency section */
		7EA3F42220EBE5F6001B0756 /* PBXTargetDependency */ = {
			isa = PBXTargetDependency;
			target = 7EA3F40B20EBE5F5001B0756 /* MyRecipe */;
			targetProxy = 7EA3F42120EBE5F6001B0756 /* PBXContainerItemProxy */;
		};
		7EA3F42D20EBE5F6001B0756 /* PBXTargetDependency */ = {
			isa = PBXTargetDependency;
			target = 7EA3F40B20EBE5F5001B0756 /* MyRecipe */;
			targetProxy = 7EA3F42C20EBE5F6001B0756 /* PBXContainerItemProxy */;
		};
/* End PBXTargetDependency section */

/* Begin PBXVariantGroup section */
		7EA3F41320EBE5F5001B0756 /* Main.storyboard */ = {
			isa = PBXVariantGroup;
			children = (
				7EA3F41420EBE5F5001B0756 /* Base */,
			);
			name = Main.storyboard;
			sourceTree = "<group>";
		};
		7EA3F41820EBE5F5001B0756 /* LaunchScreen.storyboard */ = {
			isa = PBXVariantGroup;
			children = (
				7EA3F41920EBE5F5001B0756 /* Base */,
			);
			name = LaunchScreen.storyboard;
			sourceTree = "<group>";
		};
/* End PBXVariantGroup section */

/* Begin XCBuildConfiguration section */
		7EA3F43220EBE5F6001B0756 /* Debug */ = {
			isa = XCBuildConfiguration;
			buildSettings = {
				ALWAYS_SEARCH_USER_PATHS = NO;
				CLANG_ANALYZER_NONNULL = YES;
				CLANG_ANALYZER_NUMBER_OBJECT_CONVERSION = YES_AGGRESSIVE;
				CLANG_CXX_LANGUAGE_STANDARD = "gnu++14";
				CLANG_CXX_LIBRARY = "libc++";
				CLANG_ENABLE_MODULES = YES;
				CLANG_ENABLE_OBJC_ARC = YES;
				CLANG_WARN_BLOCK_CAPTURE_AUTORELEASING = YES;
				CLANG_WARN_BOOL_CONVERSION = YES;
				CLANG_WARN_COMMA = YES;
				CLANG_WARN_CONSTANT_CONVERSION = YES;
				CLANG_WARN_DIRECT_OBJC_ISA_USAGE = YES_ERROR;
				CLANG_WARN_DOCUMENTATION_COMMENTS = YES;
				CLANG_WARN_EMPTY_BODY = YES;
				CLANG_WARN_ENUM_CONVERSION = YES;
				CLANG_WARN_INFINITE_RECURSION = YES;
				CLANG_WARN_INT_CONVERSION = YES;
				CLANG_WARN_NON_LITERAL_NULL_CONVERSION = YES;
				CLANG_WARN_OBJC_LITERAL_CONVERSION = YES;
				CLANG_WARN_OBJC_ROOT_CLASS = YES_ERROR;
				CLANG_WARN_RANGE_LOOP_ANALYSIS = YES;
				CLANG_WARN_STRICT_PROTOTYPES = YES;
				CLANG_WARN_SUSPICIOUS_MOVE = YES;
				CLANG_WARN_UNGUARDED_AVAILABILITY = YES_AGGRESSIVE;
				CLANG_WARN_UNREACHABLE_CODE = YES;
				CLANG_WARN__DUPLICATE_METHOD_MATCH = YES;
				CODE_SIGN_IDENTITY = "iPhone Developer";
				COPY_PHASE_STRIP = NO;
				DEBUG_INFORMATION_FORMAT = dwarf;
				ENABLE_STRICT_OBJC_MSGSEND = YES;
				ENABLE_TESTABILITY = YES;
				GCC_C_LANGUAGE_STANDARD = gnu11;
				GCC_DYNAMIC_NO_PIC = NO;
				GCC_NO_COMMON_BLOCKS = YES;
				GCC_OPTIMIZATION_LEVEL = 0;
				GCC_PREPROCESSOR_DEFINITIONS = (
					"DEBUG=1",
					"$(inherited)",
				);
				GCC_WARN_64_TO_32_BIT_CONVERSION = YES;
				GCC_WARN_ABOUT_RETURN_TYPE = YES_ERROR;
				GCC_WARN_UNDECLARED_SELECTOR = YES;
				GCC_WARN_UNINITIALIZED_AUTOS = YES_AGGRESSIVE;
				GCC_WARN_UNUSED_FUNCTION = YES;
				GCC_WARN_UNUSED_VARIABLE = YES;
				IPHONEOS_DEPLOYMENT_TARGET = 11.2;
				MTL_ENABLE_DEBUG_INFO = YES;
				ONLY_ACTIVE_ARCH = YES;
				SDKROOT = iphoneos;
				SWIFT_ACTIVE_COMPILATION_CONDITIONS = DEBUG;
				SWIFT_OPTIMIZATION_LEVEL = "-Onone";
			};
			name = Debug;
		};
		7EA3F43320EBE5F6001B0756 /* Release */ = {
			isa = XCBuildConfiguration;
			buildSettings = {
				ALWAYS_SEARCH_USER_PATHS = NO;
				CLANG_ANALYZER_NONNULL = YES;
				CLANG_ANALYZER_NUMBER_OBJECT_CONVERSION = YES_AGGRESSIVE;
				CLANG_CXX_LANGUAGE_STANDARD = "gnu++14";
				CLANG_CXX_LIBRARY = "libc++";
				CLANG_ENABLE_MODULES = YES;
				CLANG_ENABLE_OBJC_ARC = YES;
				CLANG_WARN_BLOCK_CAPTURE_AUTORELEASING = YES;
				CLANG_WARN_BOOL_CONVERSION = YES;
				CLANG_WARN_COMMA = YES;
				CLANG_WARN_CONSTANT_CONVERSION = YES;
				CLANG_WARN_DIRECT_OBJC_ISA_USAGE = YES_ERROR;
				CLANG_WARN_DOCUMENTATION_COMMENTS = YES;
				CLANG_WARN_EMPTY_BODY = YES;
				CLANG_WARN_ENUM_CONVERSION = YES;
				CLANG_WARN_INFINITE_RECURSION = YES;
				CLANG_WARN_INT_CONVERSION = YES;
				CLANG_WARN_NON_LITERAL_NULL_CONVERSION = YES;
				CLANG_WARN_OBJC_LITERAL_CONVERSION = YES;
				CLANG_WARN_OBJC_ROOT_CLASS = YES_ERROR;
				CLANG_WARN_RANGE_LOOP_ANALYSIS = YES;
				CLANG_WARN_STRICT_PROTOTYPES = YES;
				CLANG_WARN_SUSPICIOUS_MOVE = YES;
				CLANG_WARN_UNGUARDED_AVAILABILITY = YES_AGGRESSIVE;
				CLANG_WARN_UNREACHABLE_CODE = YES;
				CLANG_WARN__DUPLICATE_METHOD_MATCH = YES;
				CODE_SIGN_IDENTITY = "iPhone Developer";
				COPY_PHASE_STRIP = NO;
				DEBUG_INFORMATION_FORMAT = "dwarf-with-dsym";
				ENABLE_NS_ASSERTIONS = NO;
				ENABLE_STRICT_OBJC_MSGSEND = YES;
				GCC_C_LANGUAGE_STANDARD = gnu11;
				GCC_NO_COMMON_BLOCKS = YES;
				GCC_WARN_64_TO_32_BIT_CONVERSION = YES;
				GCC_WARN_ABOUT_RETURN_TYPE = YES_ERROR;
				GCC_WARN_UNDECLARED_SELECTOR = YES;
				GCC_WARN_UNINITIALIZED_AUTOS = YES_AGGRESSIVE;
				GCC_WARN_UNUSED_FUNCTION = YES;
				GCC_WARN_UNUSED_VARIABLE = YES;
				IPHONEOS_DEPLOYMENT_TARGET = 11.2;
				MTL_ENABLE_DEBUG_INFO = NO;
				SDKROOT = iphoneos;
				SWIFT_OPTIMIZATION_LEVEL = "-Owholemodule";
				VALIDATE_PRODUCT = YES;
			};
			name = Release;
		};
		7EA3F43520EBE5F6001B0756 /* Debug */ = {
			isa = XCBuildConfiguration;
			baseConfigurationReference = B9B0FC675C96EDFC9CA958A1 /* Pods-MyRecipe.debug.xcconfig */;
			buildSettings = {
				ASSETCATALOG_COMPILER_APPICON_NAME = AppIcon;
				CODE_SIGN_STYLE = Automatic;
				DEVELOPMENT_TEAM = 5HK2J922PF;
				INFOPLIST_FILE = MyRecipe/Info.plist;
				LD_RUNPATH_SEARCH_PATHS = "$(inherited) @executable_path/Frameworks";
				PRODUCT_BUNDLE_IDENTIFIER = com.thiagohissa.MyRecipe;
				PRODUCT_NAME = "$(TARGET_NAME)";
				SWIFT_VERSION = 4.0;
				TARGETED_DEVICE_FAMILY = "1,2";
			};
			name = Debug;
		};
		7EA3F43620EBE5F6001B0756 /* Release */ = {
			isa = XCBuildConfiguration;
			baseConfigurationReference = 0F0395A635858DFB4F52E49A /* Pods-MyRecipe.release.xcconfig */;
			buildSettings = {
				ASSETCATALOG_COMPILER_APPICON_NAME = AppIcon;
				CODE_SIGN_STYLE = Automatic;
				DEVELOPMENT_TEAM = 5HK2J922PF;
				INFOPLIST_FILE = MyRecipe/Info.plist;
				LD_RUNPATH_SEARCH_PATHS = "$(inherited) @executable_path/Frameworks";
				PRODUCT_BUNDLE_IDENTIFIER = com.thiagohissa.MyRecipe;
				PRODUCT_NAME = "$(TARGET_NAME)";
				SWIFT_VERSION = 4.0;
				TARGETED_DEVICE_FAMILY = "1,2";
			};
			name = Release;
		};
		7EA3F43820EBE5F6001B0756 /* Debug */ = {
			isa = XCBuildConfiguration;
			baseConfigurationReference = 4553CFED9C96B31D84625168 /* Pods-MyRecipeTests.debug.xcconfig */;
			buildSettings = {
				ALWAYS_EMBED_SWIFT_STANDARD_LIBRARIES = YES;
				BUNDLE_LOADER = "$(TEST_HOST)";
				CODE_SIGN_STYLE = Automatic;
				DEVELOPMENT_TEAM = 5HK2J922PF;
				INFOPLIST_FILE = MyRecipeTests/Info.plist;
				LD_RUNPATH_SEARCH_PATHS = "$(inherited) @executable_path/Frameworks @loader_path/Frameworks";
				PRODUCT_BUNDLE_IDENTIFIER = com.thiagohissa.MyRecipeTests;
				PRODUCT_NAME = "$(TARGET_NAME)";
				SWIFT_VERSION = 4.0;
				TARGETED_DEVICE_FAMILY = "1,2";
				TEST_HOST = "$(BUILT_PRODUCTS_DIR)/MyRecipe.app/MyRecipe";
			};
			name = Debug;
		};
		7EA3F43920EBE5F6001B0756 /* Release */ = {
			isa = XCBuildConfiguration;
			baseConfigurationReference = 76C7230DB4980570B73B6D87 /* Pods-MyRecipeTests.release.xcconfig */;
			buildSettings = {
				ALWAYS_EMBED_SWIFT_STANDARD_LIBRARIES = YES;
				BUNDLE_LOADER = "$(TEST_HOST)";
				CODE_SIGN_STYLE = Automatic;
				DEVELOPMENT_TEAM = 5HK2J922PF;
				INFOPLIST_FILE = MyRecipeTests/Info.plist;
				LD_RUNPATH_SEARCH_PATHS = "$(inherited) @executable_path/Frameworks @loader_path/Frameworks";
				PRODUCT_BUNDLE_IDENTIFIER = com.thiagohissa.MyRecipeTests;
				PRODUCT_NAME = "$(TARGET_NAME)";
				SWIFT_VERSION = 4.0;
				TARGETED_DEVICE_FAMILY = "1,2";
				TEST_HOST = "$(BUILT_PRODUCTS_DIR)/MyRecipe.app/MyRecipe";
			};
			name = Release;
		};
		7EA3F43B20EBE5F6001B0756 /* Debug */ = {
			isa = XCBuildConfiguration;
			baseConfigurationReference = D174B65BFA45B582E23C4E49 /* Pods-MyRecipeUITests.debug.xcconfig */;
			buildSettings = {
				ALWAYS_EMBED_SWIFT_STANDARD_LIBRARIES = YES;
				CODE_SIGN_STYLE = Automatic;
				DEVELOPMENT_TEAM = 5HK2J922PF;
				INFOPLIST_FILE = MyRecipeUITests/Info.plist;
				LD_RUNPATH_SEARCH_PATHS = "$(inherited) @executable_path/Frameworks @loader_path/Frameworks";
				PRODUCT_BUNDLE_IDENTIFIER = com.thiagohissa.MyRecipeUITests;
				PRODUCT_NAME = "$(TARGET_NAME)";
				SWIFT_VERSION = 4.0;
				TARGETED_DEVICE_FAMILY = "1,2";
				TEST_TARGET_NAME = MyRecipe;
			};
			name = Debug;
		};
		7EA3F43C20EBE5F6001B0756 /* Release */ = {
			isa = XCBuildConfiguration;
			baseConfigurationReference = 0E558126CEC1EADBE0486389 /* Pods-MyRecipeUITests.release.xcconfig */;
			buildSettings = {
				ALWAYS_EMBED_SWIFT_STANDARD_LIBRARIES = YES;
				CODE_SIGN_STYLE = Automatic;
				DEVELOPMENT_TEAM = 5HK2J922PF;
				INFOPLIST_FILE = MyRecipeUITests/Info.plist;
				LD_RUNPATH_SEARCH_PATHS = "$(inherited) @executable_path/Frameworks @loader_path/Frameworks";
				PRODUCT_BUNDLE_IDENTIFIER = com.thiagohissa.MyRecipeUITests;
				PRODUCT_NAME = "$(TARGET_NAME)";
				SWIFT_VERSION = 4.0;
				TARGETED_DEVICE_FAMILY = "1,2";
				TEST_TARGET_NAME = MyRecipe;
			};
			name = Release;
		};
/* End XCBuildConfiguration section */

/* Begin XCConfigurationList section */
		7EA3F40720EBE5F5001B0756 /* Build configuration list for PBXProject "MyRecipe" */ = {
			isa = XCConfigurationList;
			buildConfigurations = (
				7EA3F43220EBE5F6001B0756 /* Debug */,
				7EA3F43320EBE5F6001B0756 /* Release */,
			);
			defaultConfigurationIsVisible = 0;
			defaultConfigurationName = Release;
		};
		7EA3F43420EBE5F6001B0756 /* Build configuration list for PBXNativeTarget "MyRecipe" */ = {
			isa = XCConfigurationList;
			buildConfigurations = (
				7EA3F43520EBE5F6001B0756 /* Debug */,
				7EA3F43620EBE5F6001B0756 /* Release */,
			);
			defaultConfigurationIsVisible = 0;
			defaultConfigurationName = Release;
		};
		7EA3F43720EBE5F6001B0756 /* Build configuration list for PBXNativeTarget "MyRecipeTests" */ = {
			isa = XCConfigurationList;
			buildConfigurations = (
				7EA3F43820EBE5F6001B0756 /* Debug */,
				7EA3F43920EBE5F6001B0756 /* Release */,
			);
			defaultConfigurationIsVisible = 0;
			defaultConfigurationName = Release;
		};
		7EA3F43A20EBE5F6001B0756 /* Build configuration list for PBXNativeTarget "MyRecipeUITests" */ = {
			isa = XCConfigurationList;
			buildConfigurations = (
				7EA3F43B20EBE5F6001B0756 /* Debug */,
				7EA3F43C20EBE5F6001B0756 /* Release */,
			);
			defaultConfigurationIsVisible = 0;
			defaultConfigurationName = Release;
		};
/* End XCConfigurationList section */
	};
	rootObject = 7EA3F40420EBE5F5001B0756 /* Project object */;
}
